
Microsoft Visual Studio Solution File, Format Version 12.00
# Visual Studio Version 17
VisualStudioVersion = 17.11.35312.102
MinimumVisualStudioVersion = 10.0.40219.1
Project("{FAE04EC0-301F-11D3-BF4B-00C04F79EFBC}") = "FeladatGY_4.11_sajat", "FeladatGY_4.11_sajat\FeladatGY_4.11_sajat.csproj", "{9FD83F38-0637-4E03-A1E2-A70AA90C7457}"
EndProject
Global
	GlobalSection(SolutionConfigurationPlatforms) = preSolution
		Debug|Any CPU = Debug|Any CPU
		Release|Any CPU = Release|Any CPU
	EndGlobalSection
	GlobalSection(ProjectConfigurationPlatforms) = postSolution
		{9FD83F38-0637-4E03-A1E2-A70AA90C7457}.Debug|Any CPU.ActiveCfg = Debug|Any CPU
		{9FD83F38-0637-4E03-A1E2-A70AA90C7457}.Debug|Any CPU.Build.0 = Debug|Any CPU
		{9FD83F38-0637-4E03-A1E2-A70AA90C7457}.Release|Any CPU.ActiveCfg = Release|Any CPU
		{9FD83F38-0637-4E03-A1E2-A70AA90C7457}.Release|Any CPU.Build.0 = Release|Any CPU
	EndGlobalSection
	GlobalSection(SolutionProperties) = preSolution
		HideSolutionNode = FALSE
	EndGlobalSection
	GlobalSection(ExtensibilityGlobals) = postSolution
		SolutionGuid = {A782B9C3-90AF-4FFB-972E-983230130C51}
	EndGlobalSection
EndGlobal
