
Microsoft Visual Studio Solution File, Format Version 12.00
# Visual Studio Version 16
VisualStudioVersion = 16.0.31129.286
MinimumVisualStudioVersion = 10.0.40219.1
Project("{FAE04EC0-301F-11D3-BF4B-00C04F79EFBC}") = "Beugro_feladatok", "Beugro_feladatok.csproj", "{DCE8621F-E8DE-421A-AA19-F8759055582A}"
EndProject
Global
	GlobalSection(SolutionConfigurationPlatforms) = preSolution
		Debug|Any CPU = Debug|Any CPU
		Release|Any CPU = Release|Any CPU
	EndGlobalSection
	GlobalSection(ProjectConfigurationPlatforms) = postSolution
		{DCE8621F-E8DE-421A-AA19-F8759055582A}.Debug|Any CPU.ActiveCfg = Debug|Any CPU
		{DCE8621F-E8DE-421A-AA19-F8759055582A}.Debug|Any CPU.Build.0 = Debug|Any CPU
		{DCE8621F-E8DE-421A-AA19-F8759055582A}.Release|Any CPU.ActiveCfg = Release|Any CPU
		{DCE8621F-E8DE-421A-AA19-F8759055582A}.Release|Any CPU.Build.0 = Release|Any CPU
	EndGlobalSection
	GlobalSection(SolutionProperties) = preSolution
		HideSolutionNode = FALSE
	EndGlobalSection
	GlobalSection(ExtensibilityGlobals) = postSolution
		SolutionGuid = {54C1B5BB-B136-4D1D-86E8-A1F5E3ADFF93}
	EndGlobalSection
EndGlobal
