
Microsoft Visual Studio Solution File, Format Version 12.00
# Visual Studio Version 17
VisualStudioVersion = 17.11.35312.102
MinimumVisualStudioVersion = 10.0.40219.1
Project("{FAE04EC0-301F-11D3-BF4B-00C04F79EFBC}") = "01_Projekt", "01_Projekt\01_Projekt.csproj", "{486EA327-98CB-4221-ABD8-F039DE407BD9}"
EndProject
Global
	GlobalSection(SolutionConfigurationPlatforms) = preSolution
		Debug|Any CPU = Debug|Any CPU
		Release|Any CPU = Release|Any CPU
	EndGlobalSection
	GlobalSection(ProjectConfigurationPlatforms) = postSolution
		{486EA327-98CB-4221-ABD8-F039DE407BD9}.Debug|Any CPU.ActiveCfg = Debug|Any CPU
		{486EA327-98CB-4221-ABD8-F039DE407BD9}.Debug|Any CPU.Build.0 = Debug|Any CPU
		{486EA327-98CB-4221-ABD8-F039DE407BD9}.Release|Any CPU.ActiveCfg = Release|Any CPU
		{486EA327-98CB-4221-ABD8-F039DE407BD9}.Release|Any CPU.Build.0 = Release|Any CPU
	EndGlobalSection
	GlobalSection(SolutionProperties) = preSolution
		HideSolutionNode = FALSE
	EndGlobalSection
	GlobalSection(ExtensibilityGlobals) = postSolution
		SolutionGuid = {70B2217E-6BBD-4394-B9B9-D8F055945E37}
	EndGlobalSection
EndGlobal
