
Microsoft Visual Studio Solution File, Format Version 12.00
# Visual Studio Version 17
VisualStudioVersion = 17.11.35312.102
MinimumVisualStudioVersion = 10.0.40219.1
Project("{FAE04EC0-301F-11D3-BF4B-00C04F79EFBC}") = "ZH1_2023_24_2", "ZH1_2023_24_2\ZH1_2023_24_2.csproj", "{104EFA8F-0A99-49A0-AEF4-0B9A6C43E491}"
EndProject
Global
	GlobalSection(SolutionConfigurationPlatforms) = preSolution
		Debug|Any CPU = Debug|Any CPU
		Release|Any CPU = Release|Any CPU
	EndGlobalSection
	GlobalSection(ProjectConfigurationPlatforms) = postSolution
		{104EFA8F-0A99-49A0-AEF4-0B9A6C43E491}.Debug|Any CPU.ActiveCfg = Debug|Any CPU
		{104EFA8F-0A99-49A0-AEF4-0B9A6C43E491}.Debug|Any CPU.Build.0 = Debug|Any CPU
		{104EFA8F-0A99-49A0-AEF4-0B9A6C43E491}.Release|Any CPU.ActiveCfg = Release|Any CPU
		{104EFA8F-0A99-49A0-AEF4-0B9A6C43E491}.Release|Any CPU.Build.0 = Release|Any CPU
	EndGlobalSection
	GlobalSection(SolutionProperties) = preSolution
		HideSolutionNode = FALSE
	EndGlobalSection
	GlobalSection(ExtensibilityGlobals) = postSolution
		SolutionGuid = {2CFD2FE7-A5E8-40B8-80FC-B62FBC928E44}
	EndGlobalSection
EndGlobal
