
Microsoft Visual Studio Solution File, Format Version 12.00
# Visual Studio Version 17
VisualStudioVersion = 17.11.35312.102
MinimumVisualStudioVersion = 10.0.40219.1
Project("{FAE04EC0-301F-11D3-BF4B-00C04F79EFBC}") = "ZH2_Minta_Szenzorok", "ZH2_Minta_Szenzorok\ZH2_Minta_Szenzorok.csproj", "{730A978C-258B-4D64-8800-6688BBA7E28B}"
EndProject
Project("{FAE04EC0-301F-11D3-BF4B-00C04F79EFBC}") = "FoProgram", "FoProgram\FoProgram.csproj", "{6BB9465A-E741-4DDB-9932-CCCDA370FCD5}"
EndProject
Global
	GlobalSection(SolutionConfigurationPlatforms) = preSolution
		Debug|Any CPU = Debug|Any CPU
		Release|Any CPU = Release|Any CPU
	EndGlobalSection
	GlobalSection(ProjectConfigurationPlatforms) = postSolution
		{730A978C-258B-4D64-8800-6688BBA7E28B}.Debug|Any CPU.ActiveCfg = Debug|Any CPU
		{730A978C-258B-4D64-8800-6688BBA7E28B}.Debug|Any CPU.Build.0 = Debug|Any CPU
		{730A978C-258B-4D64-8800-6688BBA7E28B}.Release|Any CPU.ActiveCfg = Release|Any CPU
		{730A978C-258B-4D64-8800-6688BBA7E28B}.Release|Any CPU.Build.0 = Release|Any CPU
		{6BB9465A-E741-4DDB-9932-CCCDA370FCD5}.Debug|Any CPU.ActiveCfg = Debug|Any CPU
		{6BB9465A-E741-4DDB-9932-CCCDA370FCD5}.Debug|Any CPU.Build.0 = Debug|Any CPU
		{6BB9465A-E741-4DDB-9932-CCCDA370FCD5}.Release|Any CPU.ActiveCfg = Release|Any CPU
		{6BB9465A-E741-4DDB-9932-CCCDA370FCD5}.Release|Any CPU.Build.0 = Release|Any CPU
	EndGlobalSection
	GlobalSection(SolutionProperties) = preSolution
		HideSolutionNode = FALSE
	EndGlobalSection
	GlobalSection(ExtensibilityGlobals) = postSolution
		SolutionGuid = {ED835FB2-71AC-43B5-B421-E2F043634905}
	EndGlobalSection
EndGlobal
