
Microsoft Visual Studio Solution File, Format Version 12.00
# Visual Studio Version 17
VisualStudioVersion = 17.11.35312.102
MinimumVisualStudioVersion = 10.0.40219.1
Project("{FAE04EC0-301F-11D3-BF4B-00C04F79EFBC}") = "FeladatGY_5.9", "FeladatGY_5.9\FeladatGY_5.9.csproj", "{5A985B55-A59B-4592-89CF-BC5C3A28AD56}"
EndProject
Global
	GlobalSection(SolutionConfigurationPlatforms) = preSolution
		Debug|Any CPU = Debug|Any CPU
		Release|Any CPU = Release|Any CPU
	EndGlobalSection
	GlobalSection(ProjectConfigurationPlatforms) = postSolution
		{5A985B55-A59B-4592-89CF-BC5C3A28AD56}.Debug|Any CPU.ActiveCfg = Debug|Any CPU
		{5A985B55-A59B-4592-89CF-BC5C3A28AD56}.Debug|Any CPU.Build.0 = Debug|Any CPU
		{5A985B55-A59B-4592-89CF-BC5C3A28AD56}.Release|Any CPU.ActiveCfg = Release|Any CPU
		{5A985B55-A59B-4592-89CF-BC5C3A28AD56}.Release|Any CPU.Build.0 = Release|Any CPU
	EndGlobalSection
	GlobalSection(SolutionProperties) = preSolution
		HideSolutionNode = FALSE
	EndGlobalSection
	GlobalSection(ExtensibilityGlobals) = postSolution
		SolutionGuid = {47BB85BF-DE74-4CF5-8F3F-5DB85BD7F270}
	EndGlobalSection
EndGlobal
