
Microsoft Visual Studio Solution File, Format Version 12.00
# Visual Studio Version 17
VisualStudioVersion = 17.11.35312.102
MinimumVisualStudioVersion = 10.0.40219.1
Project("{FAE04EC0-301F-11D3-BF4B-00C04F79EFBC}") = "ZH2_2021_22", "ZH2_2021_22\ZH2_2021_22.csproj", "{332D9EC1-457C-464A-A6D3-F853F17E925A}"
EndProject
Global
	GlobalSection(SolutionConfigurationPlatforms) = preSolution
		Debug|Any CPU = Debug|Any CPU
		Release|Any CPU = Release|Any CPU
	EndGlobalSection
	GlobalSection(ProjectConfigurationPlatforms) = postSolution
		{332D9EC1-457C-464A-A6D3-F853F17E925A}.Debug|Any CPU.ActiveCfg = Debug|Any CPU
		{332D9EC1-457C-464A-A6D3-F853F17E925A}.Debug|Any CPU.Build.0 = Debug|Any CPU
		{332D9EC1-457C-464A-A6D3-F853F17E925A}.Release|Any CPU.ActiveCfg = Release|Any CPU
		{332D9EC1-457C-464A-A6D3-F853F17E925A}.Release|Any CPU.Build.0 = Release|Any CPU
	EndGlobalSection
	GlobalSection(SolutionProperties) = preSolution
		HideSolutionNode = FALSE
	EndGlobalSection
	GlobalSection(ExtensibilityGlobals) = postSolution
		SolutionGuid = {1B1CD8A3-1F34-49BA-BF58-76A00E8557F9}
	EndGlobalSection
EndGlobal
