
Microsoft Visual Studio Solution File, Format Version 12.00
# Visual Studio Version 17
VisualStudioVersion = 17.11.35312.102
MinimumVisualStudioVersion = 10.0.40219.1
Project("{FAE04EC0-301F-11D3-BF4B-00C04F79EFBC}") = "ZH1_2021_22_3_rewrite", "ZH1_2021_22_3_rewrite\ZH1_2021_22_3_rewrite.csproj", "{38FEC4E3-00B1-4C6C-9304-0A93559394CC}"
EndProject
Global
	GlobalSection(SolutionConfigurationPlatforms) = preSolution
		Debug|Any CPU = Debug|Any CPU
		Release|Any CPU = Release|Any CPU
	EndGlobalSection
	GlobalSection(ProjectConfigurationPlatforms) = postSolution
		{38FEC4E3-00B1-4C6C-9304-0A93559394CC}.Debug|Any CPU.ActiveCfg = Debug|Any CPU
		{38FEC4E3-00B1-4C6C-9304-0A93559394CC}.Debug|Any CPU.Build.0 = Debug|Any CPU
		{38FEC4E3-00B1-4C6C-9304-0A93559394CC}.Release|Any CPU.ActiveCfg = Release|Any CPU
		{38FEC4E3-00B1-4C6C-9304-0A93559394CC}.Release|Any CPU.Build.0 = Release|Any CPU
	EndGlobalSection
	GlobalSection(SolutionProperties) = preSolution
		HideSolutionNode = FALSE
	EndGlobalSection
	GlobalSection(ExtensibilityGlobals) = postSolution
		SolutionGuid = {F07BF254-7EDA-47B7-A7BF-27BCA276500C}
	EndGlobalSection
EndGlobal
